
Microsoft Visual Studio Solution File, Format Version 12.00
# Visual Studio Version 16
VisualStudioVersion = 16.0.31410.357
MinimumVisualStudioVersion = 10.0.40219.1
Project("{FAE04EC0-301F-11D3-BF4B-00C04F79EFBC}") = "RestWithAspNet", "RestWithAspNet\RestWithAspNet.csproj", "{186C26F0-9EB9-4200-838C-AB27B0D207E5}"
EndProject
Global
	GlobalSection(SolutionConfigurationPlatforms) = preSolution
		Debug|Any CPU = Debug|Any CPU
		Release|Any CPU = Release|Any CPU
	EndGlobalSection
	GlobalSection(ProjectConfigurationPlatforms) = postSolution
		{186C26F0-9EB9-4200-838C-AB27B0D207E5}.Debug|Any CPU.ActiveCfg = Debug|Any CPU
		{186C26F0-9EB9-4200-838C-AB27B0D207E5}.Debug|Any CPU.Build.0 = Debug|Any CPU
		{186C26F0-9EB9-4200-838C-AB27B0D207E5}.Release|Any CPU.ActiveCfg = Release|Any CPU
		{186C26F0-9EB9-4200-838C-AB27B0D207E5}.Release|Any CPU.Build.0 = Release|Any CPU
	EndGlobalSection
	GlobalSection(SolutionProperties) = preSolution
		HideSolutionNode = FALSE
	EndGlobalSection
	GlobalSection(ExtensibilityGlobals) = postSolution
		SolutionGuid = {8D03EAF6-7013-4E73-8702-555DD77040CB}
	EndGlobalSection
EndGlobal
